Microsoft Visual Studio Solution File, Format Version 11.00
# Visual Studio 2008

Project("{1CEAEDE7-7263-8EEC-7C7C-972AFBF302FF}") = "NJGameJam", "Assembly-CSharp-firstpass.csproj", "{97F4DF72-AEBC-13AB-7A7F-CBB66167ADD9}"
EndProject
Project("{1CEAEDE7-7263-8EEC-7C7C-972AFBF302FF}") = "NJGameJam", "Assembly-CSharp.csproj", "{8E14ABDF-4B76-C502-637D-CA700A55D9A3}"
EndProject
Project("{1CEAEDE7-7263-8EEC-7C7C-972AFBF302FF}") = "NJGameJam", "Assembly-CSharp-Editor-firstpass.csproj", "{00B94E53-EF09-45A9-E01A-6AE198A2EC6C}"
EndProject
Global
	GlobalSection(SolutionConfigurationPlatforms) = preSolution
		Debug|Any CPU = Debug|Any CPU
		Release|Any CPU = Release|Any CPU
	EndGlobalSection
	GlobalSection(ProjectConfigurationPlatforms) = postSolution
		{97F4DF72-AEBC-13AB-7A7F-CBB66167ADD9}.Debug|Any CPU.ActiveCfg = Debug|Any CPU
		{97F4DF72-AEBC-13AB-7A7F-CBB66167ADD9}.Debug|Any CPU.Build.0 = Debug|Any CPU
		{97F4DF72-AEBC-13AB-7A7F-CBB66167ADD9}.Release|Any CPU.ActiveCfg = Release|Any CPU
		{97F4DF72-AEBC-13AB-7A7F-CBB66167ADD9}.Release|Any CPU.Build.0 = Release|Any CPU
		{8E14ABDF-4B76-C502-637D-CA700A55D9A3}.Debug|Any CPU.ActiveCfg = Debug|Any CPU
		{8E14ABDF-4B76-C502-637D-CA700A55D9A3}.Debug|Any CPU.Build.0 = Debug|Any CPU
		{8E14ABDF-4B76-C502-637D-CA700A55D9A3}.Release|Any CPU.ActiveCfg = Release|Any CPU
		{8E14ABDF-4B76-C502-637D-CA700A55D9A3}.Release|Any CPU.Build.0 = Release|Any CPU
		{00B94E53-EF09-45A9-E01A-6AE198A2EC6C}.Debug|Any CPU.ActiveCfg = Debug|Any CPU
		{00B94E53-EF09-45A9-E01A-6AE198A2EC6C}.Debug|Any CPU.Build.0 = Debug|Any CPU
		{00B94E53-EF09-45A9-E01A-6AE198A2EC6C}.Release|Any CPU.ActiveCfg = Release|Any CPU
		{00B94E53-EF09-45A9-E01A-6AE198A2EC6C}.Release|Any CPU.Build.0 = Release|Any CPU
	EndGlobalSection
	GlobalSection(SolutionProperties) = preSolution
		HideSolutionNode = FALSE
	EndGlobalSection
	GlobalSection(MonoDevelopProperties) = preSolution
		StartupItem = Assembly-CSharp.csproj
	EndGlobalSection
EndGlobal
